
Microsoft Visual Studio Solution File, Format Version 12.00
# Visual Studio Version 16
VisualStudioVersion = 16.0.31313.79
MinimumVisualStudioVersion = 10.0.40219.1
Project("{9A19103F-16F7-4668-BE54-9A1E7A4F7556}") = "JunoRest", "JunoRest\JunoRest.csproj", "{9407AF5F-A92F-47AA-B8AE-F45EF1048539}"
EndProject
Project("{FAE04EC0-301F-11D3-BF4B-00C04F79EFBC}") = "JunoRest.Test", "JunoRest.Test\JunoRest.Test.csproj", "{A733B12F-783A-4984-926D-26C807D12BBF}"
EndProject
Global
	GlobalSection(SolutionConfigurationPlatforms) = preSolution
		Debug|Any CPU = Debug|Any CPU
		Release|Any CPU = Release|Any CPU
	EndGlobalSection
	GlobalSection(ProjectConfigurationPlatforms) = postSolution
		{9407AF5F-A92F-47AA-B8AE-F45EF1048539}.Debug|Any CPU.ActiveCfg = Debug|Any CPU
		{9407AF5F-A92F-47AA-B8AE-F45EF1048539}.Debug|Any CPU.Build.0 = Debug|Any CPU
		{9407AF5F-A92F-47AA-B8AE-F45EF1048539}.Release|Any CPU.ActiveCfg = Release|Any CPU
		{9407AF5F-A92F-47AA-B8AE-F45EF1048539}.Release|Any CPU.Build.0 = Release|Any CPU
		{A733B12F-783A-4984-926D-26C807D12BBF}.Debug|Any CPU.ActiveCfg = Debug|Any CPU
		{A733B12F-783A-4984-926D-26C807D12BBF}.Debug|Any CPU.Build.0 = Debug|Any CPU
		{A733B12F-783A-4984-926D-26C807D12BBF}.Release|Any CPU.ActiveCfg = Release|Any CPU
		{A733B12F-783A-4984-926D-26C807D12BBF}.Release|Any CPU.Build.0 = Release|Any CPU
	EndGlobalSection
	GlobalSection(SolutionProperties) = preSolution
		HideSolutionNode = FALSE
	EndGlobalSection
	GlobalSection(ExtensibilityGlobals) = postSolution
		SolutionGuid = {2DF61121-6341-4E70-8E61-E84A82CA925A}
	EndGlobalSection
EndGlobal
